
Microsoft Visual Studio Solution File, Format Version 12.00
# Visual Studio Version 17
VisualStudioVersion = 17.11.35327.3
MinimumVisualStudioVersion = 10.0.40219.1
Project("{9A19103F-16F7-4668-BE54-9A1E7A4F7556}") = "RealEstateManagementSystem", "RealEstateManagementSystem.csproj", "{C58C1DCB-BCFD-4792-8BAB-03F5B6FF2B18}"
EndProject
Project("{2150E333-8FDC-42A3-9474-1A3956D46DE8}") = "Domain", "Domain", "{0F1231A3-7E5F-4937-BD5C-4ECDB33E9133}"
EndProject
Project("{2150E333-8FDC-42A3-9474-1A3956D46DE8}") = "Application", "Application", "{C89D7EFB-5F6A-4DA7-9892-7BFDBB05FE66}"
EndProject
Project("{2150E333-8FDC-42A3-9474-1A3956D46DE8}") = "Infrastructure", "Infrastructure", "{010D376A-DE7A-4BEC-88EE-2A3989BEBB37}"
EndProject
Project("{2150E333-8FDC-42A3-9474-1A3956D46DE8}") = "WebAPI", "WebAPI", "{84849739-BB2B-4A6A-8E83-46ADE291AB4B}"
EndProject
Project("{9A19103F-16F7-4668-BE54-9A1E7A4F7556}") = "Domain", "..\Domain\Domain.csproj", "{725CF32C-73E5-4C33-90F6-76B6D5618274}"
EndProject
Project("{2150E333-8FDC-42A3-9474-1A3956D46DE8}") = "Tests", "Tests", "{13F64E35-F4FA-4080-B0E4-405A8F0158C1}"
EndProject
Project("{2150E333-8FDC-42A3-9474-1A3956D46DE8}") = "UnitTests", "UnitTests", "{B0FC3215-D7A6-49EB-B4BE-327D6A38AF03}"
EndProject
Project("{9A19103F-16F7-4668-BE54-9A1E7A4F7556}") = "Application", "..\Application\Application.csproj", "{B08CCDEC-71FB-456B-80BA-27E215AA745C}"
EndProject
Project("{9A19103F-16F7-4668-BE54-9A1E7A4F7556}") = "Infrastructure", "..\Infrastructure\Infrastructure.csproj", "{E34EA0E3-4249-45CF-8541-2F13BE5C0A9D}"
EndProject
Global
	GlobalSection(SolutionConfigurationPlatforms) = preSolution
		Debug|Any CPU = Debug|Any CPU
		Release|Any CPU = Release|Any CPU
	EndGlobalSection
	GlobalSection(ProjectConfigurationPlatforms) = postSolution
		{C58C1DCB-BCFD-4792-8BAB-03F5B6FF2B18}.Debug|Any CPU.ActiveCfg = Debug|Any CPU
		{C58C1DCB-BCFD-4792-8BAB-03F5B6FF2B18}.Debug|Any CPU.Build.0 = Debug|Any CPU
		{C58C1DCB-BCFD-4792-8BAB-03F5B6FF2B18}.Release|Any CPU.ActiveCfg = Release|Any CPU
		{C58C1DCB-BCFD-4792-8BAB-03F5B6FF2B18}.Release|Any CPU.Build.0 = Release|Any CPU
		{725CF32C-73E5-4C33-90F6-76B6D5618274}.Debug|Any CPU.ActiveCfg = Debug|Any CPU
		{725CF32C-73E5-4C33-90F6-76B6D5618274}.Debug|Any CPU.Build.0 = Debug|Any CPU
		{725CF32C-73E5-4C33-90F6-76B6D5618274}.Release|Any CPU.ActiveCfg = Release|Any CPU
		{725CF32C-73E5-4C33-90F6-76B6D5618274}.Release|Any CPU.Build.0 = Release|Any CPU
		{B08CCDEC-71FB-456B-80BA-27E215AA745C}.Debug|Any CPU.ActiveCfg = Debug|Any CPU
		{B08CCDEC-71FB-456B-80BA-27E215AA745C}.Debug|Any CPU.Build.0 = Debug|Any CPU
		{B08CCDEC-71FB-456B-80BA-27E215AA745C}.Release|Any CPU.ActiveCfg = Release|Any CPU
		{B08CCDEC-71FB-456B-80BA-27E215AA745C}.Release|Any CPU.Build.0 = Release|Any CPU
		{E34EA0E3-4249-45CF-8541-2F13BE5C0A9D}.Debug|Any CPU.ActiveCfg = Debug|Any CPU
		{E34EA0E3-4249-45CF-8541-2F13BE5C0A9D}.Debug|Any CPU.Build.0 = Debug|Any CPU
		{E34EA0E3-4249-45CF-8541-2F13BE5C0A9D}.Release|Any CPU.ActiveCfg = Release|Any CPU
		{E34EA0E3-4249-45CF-8541-2F13BE5C0A9D}.Release|Any CPU.Build.0 = Release|Any CPU
	EndGlobalSection
	GlobalSection(SolutionProperties) = preSolution
		HideSolutionNode = FALSE
	EndGlobalSection
	GlobalSection(NestedProjects) = preSolution
		{C58C1DCB-BCFD-4792-8BAB-03F5B6FF2B18} = {84849739-BB2B-4A6A-8E83-46ADE291AB4B}
		{725CF32C-73E5-4C33-90F6-76B6D5618274} = {0F1231A3-7E5F-4937-BD5C-4ECDB33E9133}
		{B0FC3215-D7A6-49EB-B4BE-327D6A38AF03} = {13F64E35-F4FA-4080-B0E4-405A8F0158C1}
		{B08CCDEC-71FB-456B-80BA-27E215AA745C} = {C89D7EFB-5F6A-4DA7-9892-7BFDBB05FE66}
		{E34EA0E3-4249-45CF-8541-2F13BE5C0A9D} = {010D376A-DE7A-4BEC-88EE-2A3989BEBB37}
	EndGlobalSection
	GlobalSection(ExtensibilityGlobals) = postSolution
		SolutionGuid = {C89F730E-23BB-45FD-9157-FBA8C1253F91}
	EndGlobalSection
EndGlobal
